
Microsoft Visual Studio Solution File, Format Version 12.00
# Visual Studio 15
VisualStudioVersion = 15.0.28307.1062
MinimumVisualStudioVersion = 10.0.40219.1
Project("{FAE04EC0-301F-11D3-BF4B-00C04F79EFBC}") = "MASU25", "MASU25.csproj", "{1F2B8ADD-D64E-41CD-A9C6-DC4F8604F6FB}"
EndProject
Project("{54435603-DBB4-11D2-8724-00A0C9A8B90C}") = "Setup1", "Setup1\Setup1.vdproj", "{EFBE0C6A-CF9C-46DD-BE55-A7D526FE3BCF}"
EndProject
Global
	GlobalSection(SolutionConfigurationPlatforms) = preSolution
		Debug|Any CPU = Debug|Any CPU
		Release|Any CPU = Release|Any CPU
	EndGlobalSection
	GlobalSection(ProjectConfigurationPlatforms) = postSolution
		{1F2B8ADD-D64E-41CD-A9C6-DC4F8604F6FB}.Debug|Any CPU.ActiveCfg = Debug|Any CPU
		{1F2B8ADD-D64E-41CD-A9C6-DC4F8604F6FB}.Debug|Any CPU.Build.0 = Debug|Any CPU
		{1F2B8ADD-D64E-41CD-A9C6-DC4F8604F6FB}.Release|Any CPU.ActiveCfg = Release|Any CPU
		{1F2B8ADD-D64E-41CD-A9C6-DC4F8604F6FB}.Release|Any CPU.Build.0 = Release|Any CPU
		{EFBE0C6A-CF9C-46DD-BE55-A7D526FE3BCF}.Debug|Any CPU.ActiveCfg = Debug
		{EFBE0C6A-CF9C-46DD-BE55-A7D526FE3BCF}.Debug|Any CPU.Build.0 = Debug
		{EFBE0C6A-CF9C-46DD-BE55-A7D526FE3BCF}.Release|Any CPU.ActiveCfg = Release
		{EFBE0C6A-CF9C-46DD-BE55-A7D526FE3BCF}.Release|Any CPU.Build.0 = Release
	EndGlobalSection
	GlobalSection(SolutionProperties) = preSolution
		HideSolutionNode = FALSE
	EndGlobalSection
	GlobalSection(ExtensibilityGlobals) = postSolution
		SolutionGuid = {C1DB84AC-9503-475D-9F51-9F9BEF43C117}
	EndGlobalSection
EndGlobal
